{
  "name": "004-stream",
  "version": "1.0.0",
  "lockfileVersion": 3,
  "requires": true,
  "packages": {
    "": {
      "name": "004-stream",
      "version": "1.0.0",
      "license": "ISC",
      "bin": {
        "heads-or-tails": "bin/heads-or-tails.js",
        "heads-or-tails-stats": "bin/heads-or-tails-stats.js"
      }
    }
  }
}
